
Microsoft Visual Studio Solution File, Format Version 12.00
# Visual Studio 2012
Project("{FAE04EC0-301F-11D3-BF4B-00C04F79EFBC}") = "ChordOrganizer", "ChordOrganizer.csproj", "{58F7408C-A682-4B8E-81ED-7C3FF79C4FEE}"
EndProject
Global
	GlobalSection(SolutionConfigurationPlatforms) = preSolution
		Debug|Any CPU = Debug|Any CPU
		Release|Any CPU = Release|Any CPU
	EndGlobalSection
	GlobalSection(ProjectConfigurationPlatforms) = postSolution
		{58F7408C-A682-4B8E-81ED-7C3FF79C4FEE}.Debug|Any CPU.ActiveCfg = Debug|Any CPU
		{58F7408C-A682-4B8E-81ED-7C3FF79C4FEE}.Debug|Any CPU.Build.0 = Debug|Any CPU
		{58F7408C-A682-4B8E-81ED-7C3FF79C4FEE}.Release|Any CPU.ActiveCfg = Release|Any CPU
		{58F7408C-A682-4B8E-81ED-7C3FF79C4FEE}.Release|Any CPU.Build.0 = Release|Any CPU
	EndGlobalSection
	GlobalSection(SolutionProperties) = preSolution
		HideSolutionNode = FALSE
	EndGlobalSection
EndGlobal
